
Microsoft Visual Studio Solution File, Format Version 12.00
# Visual Studio Version 17
VisualStudioVersion = 17.3.32929.385
MinimumVisualStudioVersion = 10.0.40219.1
Project("{9A19103F-16F7-4668-BE54-9A1E7A4F7556}") = "BasketService", "BasketService\BasketService.csproj", "{EF91B5E5-3A37-4ED4-AF0C-E74B663D3B04}"
EndProject
Project("{9A19103F-16F7-4668-BE54-9A1E7A4F7556}") = "DataLayer", "DataLayer\DataLayer.csproj", "{07189C6A-5078-4444-A091-F6626303E22C}"
EndProject
Project("{9A19103F-16F7-4668-BE54-9A1E7A4F7556}") = "Model", "Model\Model.csproj", "{1964E27B-7B03-4DF0-8DD5-347CA426EE32}"
EndProject
Project("{E53339B2-1760-4266-BCC7-CA923CBCF16C}") = "docker-compose", "docker-compose.dcproj", "{CFB7E6B0-61C8-4485-9A3D-54DF5FF8B240}"
EndProject
Project("{9A19103F-16F7-4668-BE54-9A1E7A4F7556}") = "Core", "Core\Core.csproj", "{FF8D1F1F-F5F0-40D8-B76E-9648A81FDFB7}"
EndProject
Project("{FAE04EC0-301F-11D3-BF4B-00C04F79EFBC}") = "Business", "..\Business\Business.csproj", "{93180E45-3595-42A8-AC68-D59198655348}"
EndProject
Project("{FAE04EC0-301F-11D3-BF4B-00C04F79EFBC}") = "Business.Model", "..\Business.Model\Business.Model.csproj", "{793AA946-BD1C-4909-A787-70F49128B6EB}"
EndProject
Global
	GlobalSection(SolutionConfigurationPlatforms) = preSolution
		Debug|Any CPU = Debug|Any CPU
		Release|Any CPU = Release|Any CPU
	EndGlobalSection
	GlobalSection(ProjectConfigurationPlatforms) = postSolution
		{EF91B5E5-3A37-4ED4-AF0C-E74B663D3B04}.Debug|Any CPU.ActiveCfg = Debug|Any CPU
		{EF91B5E5-3A37-4ED4-AF0C-E74B663D3B04}.Debug|Any CPU.Build.0 = Debug|Any CPU
		{EF91B5E5-3A37-4ED4-AF0C-E74B663D3B04}.Release|Any CPU.ActiveCfg = Release|Any CPU
		{EF91B5E5-3A37-4ED4-AF0C-E74B663D3B04}.Release|Any CPU.Build.0 = Release|Any CPU
		{07189C6A-5078-4444-A091-F6626303E22C}.Debug|Any CPU.ActiveCfg = Debug|Any CPU
		{07189C6A-5078-4444-A091-F6626303E22C}.Debug|Any CPU.Build.0 = Debug|Any CPU
		{07189C6A-5078-4444-A091-F6626303E22C}.Release|Any CPU.ActiveCfg = Release|Any CPU
		{07189C6A-5078-4444-A091-F6626303E22C}.Release|Any CPU.Build.0 = Release|Any CPU
		{1964E27B-7B03-4DF0-8DD5-347CA426EE32}.Debug|Any CPU.ActiveCfg = Debug|Any CPU
		{1964E27B-7B03-4DF0-8DD5-347CA426EE32}.Debug|Any CPU.Build.0 = Debug|Any CPU
		{1964E27B-7B03-4DF0-8DD5-347CA426EE32}.Release|Any CPU.ActiveCfg = Release|Any CPU
		{1964E27B-7B03-4DF0-8DD5-347CA426EE32}.Release|Any CPU.Build.0 = Release|Any CPU
		{CFB7E6B0-61C8-4485-9A3D-54DF5FF8B240}.Debug|Any CPU.ActiveCfg = Debug|Any CPU
		{CFB7E6B0-61C8-4485-9A3D-54DF5FF8B240}.Debug|Any CPU.Build.0 = Debug|Any CPU
		{CFB7E6B0-61C8-4485-9A3D-54DF5FF8B240}.Release|Any CPU.ActiveCfg = Release|Any CPU
		{CFB7E6B0-61C8-4485-9A3D-54DF5FF8B240}.Release|Any CPU.Build.0 = Release|Any CPU
		{FF8D1F1F-F5F0-40D8-B76E-9648A81FDFB7}.Debug|Any CPU.ActiveCfg = Debug|Any CPU
		{FF8D1F1F-F5F0-40D8-B76E-9648A81FDFB7}.Debug|Any CPU.Build.0 = Debug|Any CPU
		{FF8D1F1F-F5F0-40D8-B76E-9648A81FDFB7}.Release|Any CPU.ActiveCfg = Release|Any CPU
		{FF8D1F1F-F5F0-40D8-B76E-9648A81FDFB7}.Release|Any CPU.Build.0 = Release|Any CPU
		{93180E45-3595-42A8-AC68-D59198655348}.Debug|Any CPU.ActiveCfg = Debug|Any CPU
		{93180E45-3595-42A8-AC68-D59198655348}.Debug|Any CPU.Build.0 = Debug|Any CPU
		{93180E45-3595-42A8-AC68-D59198655348}.Release|Any CPU.ActiveCfg = Release|Any CPU
		{93180E45-3595-42A8-AC68-D59198655348}.Release|Any CPU.Build.0 = Release|Any CPU
		{793AA946-BD1C-4909-A787-70F49128B6EB}.Debug|Any CPU.ActiveCfg = Debug|Any CPU
		{793AA946-BD1C-4909-A787-70F49128B6EB}.Debug|Any CPU.Build.0 = Debug|Any CPU
		{793AA946-BD1C-4909-A787-70F49128B6EB}.Release|Any CPU.ActiveCfg = Release|Any CPU
		{793AA946-BD1C-4909-A787-70F49128B6EB}.Release|Any CPU.Build.0 = Release|Any CPU
	EndGlobalSection
	GlobalSection(SolutionProperties) = preSolution
		HideSolutionNode = FALSE
	EndGlobalSection
	GlobalSection(ExtensibilityGlobals) = postSolution
		SolutionGuid = {05344643-F1B0-4305-A7CE-A71E79052D62}
	EndGlobalSection
EndGlobal
